#
# This file is autogenerated by pip-compile with Python 3.12
# by the following command:
#
#    pip-compile --extra=browser --extra=dev --no-index --output-file=requirements-browser.lock --strip-extras pyproject.toml
#
alembic==1.20.0
    # via boa-reservas (pyproject.toml)
annotated-doc==0.0.5
    # via fastapi
annotated-types==0.8.0
    # via pydantic
anyio==4.15.1
    # via
    #   httpx
    #   starlette
    #   watchfiles
black==24.10.0
    # via boa-reservas (pyproject.toml)
certifi==2026.7.22
    # via
    #   httpcore
    #   httpx
    #   requests
cffi==2.1.1
    # via cryptography
cfgv==3.5.0
    # via pre-commit
charset-normalizer==3.5.1
    # via requests
click==8.5.0
    # via
    #   black
    #   uvicorn
coverage==7.16.1
    # via pytest-cov
cryptography==50.0.1
    # via python-jose
distlib==0.4.3
    # via virtualenv
ecdsa==0.19.2
    # via python-jose
fastapi==0.141.1
    # via boa-reservas (pyproject.toml)
filelock==4.0.4
    # via
    #   python-discovery
    #   virtualenv
greenlet==3.5.6
    # via playwright
h11==0.16.0
    # via
    #   httpcore
    #   uvicorn
httpcore==1.0.9
    # via httpx
httptools==0.8.0
    # via uvicorn
httpx==0.28.1
    # via boa-reservas (pyproject.toml)
identify==2.6.20
    # via pre-commit
idna==3.20
    # via
    #   anyio
    #   httpx
    #   requests
iniconfig==2.3.0
    # via pytest
librt==0.15.0
    # via mypy
mako==1.4.3
    # via alembic
markupsafe==3.0.3
    # via mako
mypy==1.20.2
    # via boa-reservas (pyproject.toml)
mypy-extensions==1.1.0
    # via
    #   black
    #   mypy
nodeenv==1.11.0
    # via pre-commit
packaging==26.3
    # via
    #   black
    #   pytest
pathspec==1.1.1
    # via
    #   black
    #   mypy
platformdirs==4.12.0
    # via
    #   black
    #   virtualenv
playwright==1.63.0
    # via pytest-playwright
pluggy==1.6.0
    # via pytest
pre-commit==3.8.0
    # via boa-reservas (pyproject.toml)
psycopg2-binary==2.9.13
    # via boa-reservas (pyproject.toml)
pyasn1==0.6.4
    # via
    #   python-jose
    #   rsa
pycparser==3.0
    # via cffi
pydantic==2.13.5
    # via
    #   boa-reservas (pyproject.toml)
    #   fastapi
    #   pydantic-settings
pydantic-core==2.46.5
    # via pydantic
pydantic-settings==2.15.0
    # via boa-reservas (pyproject.toml)
pyee==13.0.1
    # via playwright
pygments==2.21.0
    # via pytest
pyjwt==2.15.0
    # via redis
pytest==8.4.2
    # via
    #   boa-reservas (pyproject.toml)
    #   pytest-asyncio
    #   pytest-base-url
    #   pytest-cov
    #   pytest-playwright
pytest-asyncio==0.26.0
    # via boa-reservas (pyproject.toml)
pytest-base-url==2.1.0
    # via pytest-playwright
pytest-cov==5.0.0
    # via boa-reservas (pyproject.toml)
pytest-playwright==0.9.0
    # via boa-reservas (pyproject.toml)
python-discovery==1.6.1
    # via virtualenv
python-dotenv==1.2.3
    # via
    #   boa-reservas (pyproject.toml)
    #   pydantic-settings
    #   uvicorn
python-jose==3.5.0
    # via boa-reservas (pyproject.toml)
python-slugify==8.0.4
    # via pytest-playwright
pyyaml==6.0.3
    # via
    #   pre-commit
    #   uvicorn
redis==5.3.1
    # via boa-reservas (pyproject.toml)
requests==2.34.2
    # via pytest-base-url
rsa==4.9.1
    # via python-jose
ruff==0.16.9
    # via boa-reservas (pyproject.toml)
six==1.17.0
    # via ecdsa
sqlalchemy==2.1.1
    # via
    #   alembic
    #   boa-reservas (pyproject.toml)
starlette==1.7.0
    # via fastapi
text-unidecode==1.3
    # via python-slugify
typing-extensions==4.16.0
    # via
    #   alembic
    #   anyio
    #   fastapi
    #   mypy
    #   pydantic
    #   pydantic-core
    #   pyee
    #   sqlalchemy
    #   starlette
    #   typing-inspection
typing-inspection==0.4.4
    # via
    #   fastapi
    #   pydantic
    #   pydantic-settings
urllib3==2.8.0
    # via requests
uvicorn==0.54.0
    # via boa-reservas (pyproject.toml)
uvloop==0.22.1
    # via uvicorn
virtualenv==21.13.0
    # via pre-commit
watchfiles==1.3.0
    # via uvicorn
websockets==17.1
    # via uvicorn
